Microsoft Visual Studio Solution File, Format Version 12.00
# Visual Studio Version 17
VisualStudioVersion = 17.5.2.0
MinimumVisualStudioVersion = 10.0.40219.1
Project("{FAE04EC0-301F-11D3-BF4B-00C04F79EFBC}") = "DWMBlurGlassGUI", "DWMBlurGlassGUI.csproj", "{A7C7A390-DCEC-9982-C467-54B65595F00E}"
EndProject
Global
	GlobalSection(SolutionConfigurationPlatforms) = preSolution
		Debug|Any CPU = Debug|Any CPU
		Release|Any CPU = Release|Any CPU
	EndGlobalSection
	GlobalSection(ProjectConfigurationPlatforms) = postSolution
		{A7C7A390-DCEC-9982-C467-54B65595F00E}.Debug|Any CPU.ActiveCfg = Debug|Any CPU
		{A7C7A390-DCEC-9982-C467-54B65595F00E}.Debug|Any CPU.Build.0 = Debug|Any CPU
		{A7C7A390-DCEC-9982-C467-54B65595F00E}.Release|Any CPU.ActiveCfg = Release|Any CPU
		{A7C7A390-DCEC-9982-C467-54B65595F00E}.Release|Any CPU.Build.0 = Release|Any CPU
	EndGlobalSection
	GlobalSection(SolutionProperties) = preSolution
		HideSolutionNode = FALSE
	EndGlobalSection
	GlobalSection(ExtensibilityGlobals) = postSolution
		SolutionGuid = {3F23A689-F97F-4CD4-8C22-4FEA54A141F7}
	EndGlobalSection
EndGlobal
