<?xml version="1.0" encoding="utf-8"?>
<Project ToolsVersion="4.0" xmlns="http://schemas.microsoft.com/developer/msbuild/2003">
  <ItemGroup>
    <Filter Include="源文件">
      <UniqueIdentifier>{63b532f2-0457-45b1-a8d7-ed05f57ee584}</UniqueIdentifier>
    </Filter>
    <Filter Include="头文件">
      <UniqueIdentifier>{bd0a5274-c8c3-46f1-a302-41ff32761e09}</UniqueIdentifier>
    </Filter>
  </ItemGroup>
  <ItemGroup>
    <ClInclude Include="$(MSBuildThisFileDirectory)VersionHelper.h">
      <Filter>头文件</Filter>
    </ClInclude>
    <ClInclude Include="$(MSBuildThisFileDirectory)Common.h">
      <Filter>头文件</Filter>
    </ClInclude>
    <ClInclude Include="$(MSBuildThisFileDirectory)winrt.h">
      <Filter>头文件</Filter>
    </ClInclude>
    <ClInclude Include="$(MSBuildThisFileDirectory)winrt_impl.h">
      <Filter>头文件</Filter>
    </ClInclude>
  </ItemGroup>
  <ItemGroup>
    <ClCompile Include="$(MSBuildThisFileDirectory)VersionHelper.cpp">
      <Filter>源文件</Filter>
    </ClCompile>
    <ClCompile Include="$(MSBuildThisFileDirectory)Common.cpp">
      <Filter>源文件</Filter>
    </ClCompile>
  </ItemGroup>
</Project>